{
  "name": "tailwind-spotify",
  "version": "0.1.0",
  "lockfileVersion": 1,
  "requires": true,
  "dependencies": {
    "lucide-react": {
      "version": "0.279.0",
      "resolved": "https://registry.npmjs.org/lucide-react/-/lucide-react-0.279.0.tgz",
      "integrity": "sha512-LJ8g66+Bxc3t3x9vKTeK3wn3xucrOQGfJ9ou9GsBwCt2offsrT2BB90XrTrIzE1noYYDe2O8jZaRHi6sAHXNxw=="
    },
    "@next/swc-darwin-arm64": {
      "version": "13.5.3",
      "resolved": "https://registry.npmjs.org/@next/swc-darwin-arm64/-/swc-darwin-arm64-13.5.3.tgz",
      "integrity": "sha512-6hiYNJxJmyYvvKGrVThzo4nTcqvqUTA/JvKim7Auaj33NexDqSNwN5YrrQu+QhZJCIpv2tULSHt+lf+rUflLSw==",
      "optional": true
    },
    "@next/swc-darwin-x64": {
      "version": "13.5.3",
      "resolved": "https://registry.npmjs.org/@next/swc-darwin-x64/-/swc-darwin-x64-13.5.3.tgz",
      "integrity": "sha512-UpBKxu2ob9scbpJyEq/xPgpdrgBgN3aLYlxyGqlYX5/KnwpJpFuIHU2lx8upQQ7L+MEmz+fA1XSgesoK92ppwQ==",
      "optional": true
    },
    "@next/swc-linux-arm64-gnu": {
      "version": "13.5.3",
      "resolved": "https://registry.npmjs.org/@next/swc-linux-arm64-gnu/-/swc-linux-arm64-gnu-13.5.3.tgz",
      "integrity": "sha512-5AzM7Yx1Ky+oLY6pHs7tjONTF22JirDPd5Jw/3/NazJ73uGB05NqhGhB4SbeCchg7SlVYVBeRMrMSZwJwq/xoA==",
      "optional": true
    },
    "@next/swc-linux-arm64-musl": {
      "version": "13.5.3",
      "resolved": "https://registry.npmjs.org/@next/swc-linux-arm64-musl/-/swc-linux-arm64-musl-13.5.3.tgz",
      "integrity": "sha512-A/C1shbyUhj7wRtokmn73eBksjTM7fFQoY2v/0rTM5wehpkjQRLOXI8WJsag2uLhnZ4ii5OzR1rFPwoD9cvOgA==",
      "optional": true
    },
    "@next/swc-linux-x64-gnu": {
      "version": "13.5.3",
      "resolved": "https://registry.npmjs.org/@next/swc-linux-x64-gnu/-/swc-linux-x64-gnu-13.5.3.tgz",
      "integrity": "sha512-FubPuw/Boz8tKkk+5eOuDHOpk36F80rbgxlx4+xty/U71e3wZZxVYHfZXmf0IRToBn1Crb8WvLM9OYj/Ur815g==",
      "optional": true
    },
    "@next/swc-linux-x64-musl": {
      "version": "13.5.3",
      "resolved": "https://registry.npmjs.org/@next/swc-linux-x64-musl/-/swc-linux-x64-musl-13.5.3.tgz",
      "integrity": "sha512-DPw8nFuM1uEpbX47tM3wiXIR0Qa+atSzs9Q3peY1urkhofx44o7E1svnq+a5Q0r8lAcssLrwiM+OyJJgV/oj7g==",
      "optional": true
    },
    "@next/swc-win32-arm64-msvc": {
      "version": "13.5.3",
      "resolved": "https://registry.npmjs.org/@next/swc-win32-arm64-msvc/-/swc-win32-arm64-msvc-13.5.3.tgz",
      "integrity": "sha512-zBPSP8cHL51Gub/YV8UUePW7AVGukp2D8JU93IHbVDu2qmhFAn9LWXiOOLKplZQKxnIPUkJTQAJDCWBWU4UWUA==",
      "optional": true
    },
    "@next/swc-win32-ia32-msvc": {
      "version": "13.5.3",
      "resolved": "https://registry.npmjs.org/@next/swc-win32-ia32-msvc/-/swc-win32-ia32-msvc-13.5.3.tgz",
      "integrity": "sha512-ONcL/lYyGUj4W37D4I2I450SZtSenmFAvapkJQNIJhrPMhzDU/AdfLkW98NvH1D2+7FXwe7yclf3+B7v28uzBQ==",
      "optional": true
    },
    "@next/swc-win32-x64-msvc": {
      "version": "13.5.3",
      "resolved": "https://registry.npmjs.org/@next/swc-win32-x64-msvc/-/swc-win32-x64-msvc-13.5.3.tgz",
      "integrity": "sha512-2Vz2tYWaLqJvLcWbbTlJ5k9AN6JD7a5CN2pAeIzpbecK8ZF/yobA39cXtv6e+Z8c5UJuVOmaTldEAIxvsIux/Q==",
      "optional": true
    }
  }
}
